
Microsoft Visual Studio Solution File, Format Version 12.00
# Visual Studio Version 16
VisualStudioVersion = 16.0.30114.105
MinimumVisualStudioVersion = 10.0.40219.1
Project("{FAE04EC0-301F-11D3-BF4B-00C04F79EFBC}") = "Day-of-Week", "Day-of-Week\Day-of-Week.csproj", "{00FD01F5-48A3-429F-92C2-C9FA2AB3FF5C}"
EndProject
Project("{FAE04EC0-301F-11D3-BF4B-00C04F79EFBC}") = "Randomize-Words", "Randomize-Words\Randomize-Words.csproj", "{48DBF0CB-56A0-4EAC-8CF5-7E186BEF0832}"
EndProject
Project("{FAE04EC0-301F-11D3-BF4B-00C04F79EFBC}") = "Big-Factorial", "Big-Factorial\Big-Factorial.csproj", "{F0198789-FEAC-45C7-A979-BCA6819969E2}"
EndProject
Project("{FAE04EC0-301F-11D3-BF4B-00C04F79EFBC}") = "Songs", "Songs\Songs.csproj", "{3CDEB3C4-7234-4A5D-AC18-15902FB357CB}"
EndProject
Global
	GlobalSection(SolutionConfigurationPlatforms) = preSolution
		Debug|Any CPU = Debug|Any CPU
		Release|Any CPU = Release|Any CPU
	EndGlobalSection
	GlobalSection(ProjectConfigurationPlatforms) = postSolution
		{00FD01F5-48A3-429F-92C2-C9FA2AB3FF5C}.Debug|Any CPU.ActiveCfg = Debug|Any CPU
		{00FD01F5-48A3-429F-92C2-C9FA2AB3FF5C}.Debug|Any CPU.Build.0 = Debug|Any CPU
		{00FD01F5-48A3-429F-92C2-C9FA2AB3FF5C}.Release|Any CPU.ActiveCfg = Release|Any CPU
		{00FD01F5-48A3-429F-92C2-C9FA2AB3FF5C}.Release|Any CPU.Build.0 = Release|Any CPU
		{48DBF0CB-56A0-4EAC-8CF5-7E186BEF0832}.Debug|Any CPU.ActiveCfg = Debug|Any CPU
		{48DBF0CB-56A0-4EAC-8CF5-7E186BEF0832}.Debug|Any CPU.Build.0 = Debug|Any CPU
		{48DBF0CB-56A0-4EAC-8CF5-7E186BEF0832}.Release|Any CPU.ActiveCfg = Release|Any CPU
		{48DBF0CB-56A0-4EAC-8CF5-7E186BEF0832}.Release|Any CPU.Build.0 = Release|Any CPU
		{F0198789-FEAC-45C7-A979-BCA6819969E2}.Debug|Any CPU.ActiveCfg = Debug|Any CPU
		{F0198789-FEAC-45C7-A979-BCA6819969E2}.Debug|Any CPU.Build.0 = Debug|Any CPU
		{F0198789-FEAC-45C7-A979-BCA6819969E2}.Release|Any CPU.ActiveCfg = Release|Any CPU
		{F0198789-FEAC-45C7-A979-BCA6819969E2}.Release|Any CPU.Build.0 = Release|Any CPU
		{3CDEB3C4-7234-4A5D-AC18-15902FB357CB}.Debug|Any CPU.ActiveCfg = Debug|Any CPU
		{3CDEB3C4-7234-4A5D-AC18-15902FB357CB}.Debug|Any CPU.Build.0 = Debug|Any CPU
		{3CDEB3C4-7234-4A5D-AC18-15902FB357CB}.Release|Any CPU.ActiveCfg = Release|Any CPU
		{3CDEB3C4-7234-4A5D-AC18-15902FB357CB}.Release|Any CPU.Build.0 = Release|Any CPU
	EndGlobalSection
	GlobalSection(SolutionProperties) = preSolution
		HideSolutionNode = FALSE
	EndGlobalSection
	GlobalSection(ExtensibilityGlobals) = postSolution
		SolutionGuid = {3A6A6ED3-E0E5-43F3-B24E-8D0787C29A0C}
	EndGlobalSection
EndGlobal
