
Microsoft Visual Studio Solution File, Format Version 12.00
# Visual Studio Version 16
VisualStudioVersion = 16.0.29920.165
MinimumVisualStudioVersion = 10.0.40219.1
Project("{9A19103F-16F7-4668-BE54-9A1E7A4F7556}") = "Bitwise", "Bitwise\Bitwise.csproj", "{8234A547-E2A6-4CB8-B10B-D8408E86763F}"
EndProject
Project("{FAE04EC0-301F-11D3-BF4B-00C04F79EFBC}") = "2.First-Bit", "2.First-Bit\2.First-Bit.csproj", "{599B5B4A-9591-444B-87F1-86C771B1F5FE}"
EndProject
Global
	GlobalSection(SolutionConfigurationPlatforms) = preSolution
		Debug|Any CPU = Debug|Any CPU
		Release|Any CPU = Release|Any CPU
	EndGlobalSection
	GlobalSection(ProjectConfigurationPlatforms) = postSolution
		{8234A547-E2A6-4CB8-B10B-D8408E86763F}.Debug|Any CPU.ActiveCfg = Debug|Any CPU
		{8234A547-E2A6-4CB8-B10B-D8408E86763F}.Debug|Any CPU.Build.0 = Debug|Any CPU
		{8234A547-E2A6-4CB8-B10B-D8408E86763F}.Release|Any CPU.ActiveCfg = Release|Any CPU
		{8234A547-E2A6-4CB8-B10B-D8408E86763F}.Release|Any CPU.Build.0 = Release|Any CPU
		{599B5B4A-9591-444B-87F1-86C771B1F5FE}.Debug|Any CPU.ActiveCfg = Debug|Any CPU
		{599B5B4A-9591-444B-87F1-86C771B1F5FE}.Debug|Any CPU.Build.0 = Debug|Any CPU
		{599B5B4A-9591-444B-87F1-86C771B1F5FE}.Release|Any CPU.ActiveCfg = Release|Any CPU
		{599B5B4A-9591-444B-87F1-86C771B1F5FE}.Release|Any CPU.Build.0 = Release|Any CPU
	EndGlobalSection
	GlobalSection(SolutionProperties) = preSolution
		HideSolutionNode = FALSE
	EndGlobalSection
	GlobalSection(ExtensibilityGlobals) = postSolution
		SolutionGuid = {32B47E7A-B72E-42AB-97E4-CB4C23CAFF33}
	EndGlobalSection
EndGlobal
