
Microsoft Visual Studio Solution File, Format Version 12.00
# Visual Studio Version 16
VisualStudioVersion = 16.0.29905.134
MinimumVisualStudioVersion = 10.0.40219.1
Project("{9A19103F-16F7-4668-BE54-9A1E7A4F7556}") = "1.Sign-of-Integer-Numbers", "1.Sign-of-Integer-Numbers\1.Sign-of-Integer-Numbers.csproj", "{50C4893B-7C35-4BC3-96AE-A5FC956216E1}"
EndProject
Project("{9A19103F-16F7-4668-BE54-9A1E7A4F7556}") = "2.Grades", "2.Grades\2.Grades.csproj", "{59B0AA03-7313-4416-B0F9-E51025D8C5E4}"
EndProject
Project("{9A19103F-16F7-4668-BE54-9A1E7A4F7556}") = "3.Calculations", "3.Calculations\3.Calculations.csproj", "{CCCC2997-C6A2-4E6A-9392-F253B626D69B}"
EndProject
Project("{9A19103F-16F7-4668-BE54-9A1E7A4F7556}") = "4.Printing-Triangle", "04.Printing-Triangle\4.Printing-Triangle.csproj", "{447F5CE9-518E-4EB4-AC83-D369F19A2227}"
EndProject
Project("{9A19103F-16F7-4668-BE54-9A1E7A4F7556}") = "5.Orders", "05.Orders\5.Orders.csproj", "{6721372C-1F48-4DC9-AF1F-C598B932D9F2}"
EndProject
Project("{9A19103F-16F7-4668-BE54-9A1E7A4F7556}") = "6.Calculate-Rectangle-Area", "6.Calculate-Rectangle-Area\6.Calculate-Rectangle-Area.csproj", "{534DBA5B-9BD4-41F1-BF36-30B3CB003A91}"
EndProject
Project("{9A19103F-16F7-4668-BE54-9A1E7A4F7556}") = "7.Repeat-String", "7.Repeat-String\7.Repeat-String.csproj", "{A0CEEE88-E890-4340-B628-C96198D65957}"
EndProject
Project("{9A19103F-16F7-4668-BE54-9A1E7A4F7556}") = "Draskanica", "Draskanica\Draskanica.csproj", "{99D0CB6D-535C-4451-A1F0-DFD32F7A1683}"
EndProject
Project("{9A19103F-16F7-4668-BE54-9A1E7A4F7556}") = "8.Math-Power", "8.Math-Power\8.Math-Power.csproj", "{CF24E065-C8D1-439D-B3A6-803160715C82}"
EndProject
Project("{9A19103F-16F7-4668-BE54-9A1E7A4F7556}") = "9.Greater-of-Two-Values", "9.Greater-of-Two-Values\9.Greater-of-Two-Values.csproj", "{EF86088D-CC4B-4177-8A06-8F2E4FB46ADD}"
EndProject
Project("{9A19103F-16F7-4668-BE54-9A1E7A4F7556}") = "10.Multiply-Evens-by-Odds", "10.Multiply-Evens-by-Odds\10.Multiply-Evens-by-Odds.csproj", "{12C973D5-0CA4-480A-AFD8-D72756368802}"
EndProject
Project("{FAE04EC0-301F-11D3-BF4B-00C04F79EFBC}") = "11.Math-operations", "11.Math-operations\11.Math-operations.csproj", "{BF6BFE13-8F69-4087-8BDA-7E812FC0C48D}"
EndProject
Global
	GlobalSection(SolutionConfigurationPlatforms) = preSolution
		Debug|Any CPU = Debug|Any CPU
		Release|Any CPU = Release|Any CPU
	EndGlobalSection
	GlobalSection(ProjectConfigurationPlatforms) = postSolution
		{50C4893B-7C35-4BC3-96AE-A5FC956216E1}.Debug|Any CPU.ActiveCfg = Debug|Any CPU
		{50C4893B-7C35-4BC3-96AE-A5FC956216E1}.Debug|Any CPU.Build.0 = Debug|Any CPU
		{50C4893B-7C35-4BC3-96AE-A5FC956216E1}.Release|Any CPU.ActiveCfg = Release|Any CPU
		{50C4893B-7C35-4BC3-96AE-A5FC956216E1}.Release|Any CPU.Build.0 = Release|Any CPU
		{59B0AA03-7313-4416-B0F9-E51025D8C5E4}.Debug|Any CPU.ActiveCfg = Debug|Any CPU
		{59B0AA03-7313-4416-B0F9-E51025D8C5E4}.Debug|Any CPU.Build.0 = Debug|Any CPU
		{59B0AA03-7313-4416-B0F9-E51025D8C5E4}.Release|Any CPU.ActiveCfg = Release|Any CPU
		{59B0AA03-7313-4416-B0F9-E51025D8C5E4}.Release|Any CPU.Build.0 = Release|Any CPU
		{CCCC2997-C6A2-4E6A-9392-F253B626D69B}.Debug|Any CPU.ActiveCfg = Debug|Any CPU
		{CCCC2997-C6A2-4E6A-9392-F253B626D69B}.Debug|Any CPU.Build.0 = Debug|Any CPU
		{CCCC2997-C6A2-4E6A-9392-F253B626D69B}.Release|Any CPU.ActiveCfg = Release|Any CPU
		{CCCC2997-C6A2-4E6A-9392-F253B626D69B}.Release|Any CPU.Build.0 = Release|Any CPU
		{447F5CE9-518E-4EB4-AC83-D369F19A2227}.Debug|Any CPU.ActiveCfg = Debug|Any CPU
		{447F5CE9-518E-4EB4-AC83-D369F19A2227}.Debug|Any CPU.Build.0 = Debug|Any CPU
		{447F5CE9-518E-4EB4-AC83-D369F19A2227}.Release|Any CPU.ActiveCfg = Release|Any CPU
		{447F5CE9-518E-4EB4-AC83-D369F19A2227}.Release|Any CPU.Build.0 = Release|Any CPU
		{6721372C-1F48-4DC9-AF1F-C598B932D9F2}.Debug|Any CPU.ActiveCfg = Debug|Any CPU
		{6721372C-1F48-4DC9-AF1F-C598B932D9F2}.Debug|Any CPU.Build.0 = Debug|Any CPU
		{6721372C-1F48-4DC9-AF1F-C598B932D9F2}.Release|Any CPU.ActiveCfg = Release|Any CPU
		{6721372C-1F48-4DC9-AF1F-C598B932D9F2}.Release|Any CPU.Build.0 = Release|Any CPU
		{534DBA5B-9BD4-41F1-BF36-30B3CB003A91}.Debug|Any CPU.ActiveCfg = Debug|Any CPU
		{534DBA5B-9BD4-41F1-BF36-30B3CB003A91}.Debug|Any CPU.Build.0 = Debug|Any CPU
		{534DBA5B-9BD4-41F1-BF36-30B3CB003A91}.Release|Any CPU.ActiveCfg = Release|Any CPU
		{534DBA5B-9BD4-41F1-BF36-30B3CB003A91}.Release|Any CPU.Build.0 = Release|Any CPU
		{A0CEEE88-E890-4340-B628-C96198D65957}.Debug|Any CPU.ActiveCfg = Debug|Any CPU
		{A0CEEE88-E890-4340-B628-C96198D65957}.Debug|Any CPU.Build.0 = Debug|Any CPU
		{A0CEEE88-E890-4340-B628-C96198D65957}.Release|Any CPU.ActiveCfg = Release|Any CPU
		{A0CEEE88-E890-4340-B628-C96198D65957}.Release|Any CPU.Build.0 = Release|Any CPU
		{99D0CB6D-535C-4451-A1F0-DFD32F7A1683}.Debug|Any CPU.ActiveCfg = Debug|Any CPU
		{99D0CB6D-535C-4451-A1F0-DFD32F7A1683}.Debug|Any CPU.Build.0 = Debug|Any CPU
		{99D0CB6D-535C-4451-A1F0-DFD32F7A1683}.Release|Any CPU.ActiveCfg = Release|Any CPU
		{99D0CB6D-535C-4451-A1F0-DFD32F7A1683}.Release|Any CPU.Build.0 = Release|Any CPU
		{CF24E065-C8D1-439D-B3A6-803160715C82}.Debug|Any CPU.ActiveCfg = Debug|Any CPU
		{CF24E065-C8D1-439D-B3A6-803160715C82}.Debug|Any CPU.Build.0 = Debug|Any CPU
		{CF24E065-C8D1-439D-B3A6-803160715C82}.Release|Any CPU.ActiveCfg = Release|Any CPU
		{CF24E065-C8D1-439D-B3A6-803160715C82}.Release|Any CPU.Build.0 = Release|Any CPU
		{EF86088D-CC4B-4177-8A06-8F2E4FB46ADD}.Debug|Any CPU.ActiveCfg = Debug|Any CPU
		{EF86088D-CC4B-4177-8A06-8F2E4FB46ADD}.Debug|Any CPU.Build.0 = Debug|Any CPU
		{EF86088D-CC4B-4177-8A06-8F2E4FB46ADD}.Release|Any CPU.ActiveCfg = Release|Any CPU
		{EF86088D-CC4B-4177-8A06-8F2E4FB46ADD}.Release|Any CPU.Build.0 = Release|Any CPU
		{12C973D5-0CA4-480A-AFD8-D72756368802}.Debug|Any CPU.ActiveCfg = Debug|Any CPU
		{12C973D5-0CA4-480A-AFD8-D72756368802}.Debug|Any CPU.Build.0 = Debug|Any CPU
		{12C973D5-0CA4-480A-AFD8-D72756368802}.Release|Any CPU.ActiveCfg = Release|Any CPU
		{12C973D5-0CA4-480A-AFD8-D72756368802}.Release|Any CPU.Build.0 = Release|Any CPU
		{BF6BFE13-8F69-4087-8BDA-7E812FC0C48D}.Debug|Any CPU.ActiveCfg = Debug|Any CPU
		{BF6BFE13-8F69-4087-8BDA-7E812FC0C48D}.Debug|Any CPU.Build.0 = Debug|Any CPU
		{BF6BFE13-8F69-4087-8BDA-7E812FC0C48D}.Release|Any CPU.ActiveCfg = Release|Any CPU
		{BF6BFE13-8F69-4087-8BDA-7E812FC0C48D}.Release|Any CPU.Build.0 = Release|Any CPU
	EndGlobalSection
	GlobalSection(SolutionProperties) = preSolution
		HideSolutionNode = FALSE
	EndGlobalSection
	GlobalSection(ExtensibilityGlobals) = postSolution
		SolutionGuid = {72590742-D81E-4D0C-A663-AAB90BA4E1EF}
	EndGlobalSection
EndGlobal
